
Microsoft Visual Studio Solution File, Format Version 12.00
# Visual Studio 15
VisualStudioVersion = 15.0.28307.779
MinimumVisualStudioVersion = 10.0.40219.1
Project("{FAE04EC0-301F-11D3-BF4B-00C04F79EFBC}") = "Discord_AL_RoleBot", "Discord_AL_RoleBot\Discord_AL_RoleBot.csproj", "{C6433A2B-C251-4728-888F-5501C55D32EC}"
EndProject
Global
	GlobalSection(SolutionConfigurationPlatforms) = preSolution
		Debug|Any CPU = Debug|Any CPU
		Release|Any CPU = Release|Any CPU
	EndGlobalSection
	GlobalSection(ProjectConfigurationPlatforms) = postSolution
		{C6433A2B-C251-4728-888F-5501C55D32EC}.Debug|Any CPU.ActiveCfg = Debug|Any CPU
		{C6433A2B-C251-4728-888F-5501C55D32EC}.Debug|Any CPU.Build.0 = Debug|Any CPU
		{C6433A2B-C251-4728-888F-5501C55D32EC}.Release|Any CPU.ActiveCfg = Release|Any CPU
		{C6433A2B-C251-4728-888F-5501C55D32EC}.Release|Any CPU.Build.0 = Release|Any CPU
	EndGlobalSection
	GlobalSection(SolutionProperties) = preSolution
		HideSolutionNode = FALSE
	EndGlobalSection
	GlobalSection(ExtensibilityGlobals) = postSolution
		SolutionGuid = {B6696944-1DE3-415C-9815-18D82272E52F}
	EndGlobalSection
EndGlobal
